{
  "name": "firebot-v2",
  "version": "0.0.5",
  "lockfileVersion": 1,
  "requires": true,
  "dependencies": {
    "ansi-styles": {
      "version": "1.0.0",
      "resolved": "https://registry.npmjs.org/ansi-styles/-/ansi-styles-1.0.0.tgz",
      "integrity": "sha1-yxAt8cVvUSPquLZ817mAJ6AnkXg="
    },
    "async-limiter": {
      "version": "1.0.0",
      "resolved": "https://registry.npmjs.org/async-limiter/-/async-limiter-1.0.0.tgz",
      "integrity": "sha1-ePrtjD0HSrgfIrTphdeehzj3IPg="
    },
    "chalk": {
      "version": "0.4.0",
      "resolved": "https://registry.npmjs.org/chalk/-/chalk-0.4.0.tgz",
      "integrity": "sha1-UZmj3c0MHv4jvAjBsCewYXbgxk8=",
      "requires": {
        "ansi-styles": "1.0.0",
        "has-color": "0.1.7",
        "strip-ansi": "0.1.1"
      }
    },
    "discord.js": {
      "version": "11.2.1",
      "resolved": "https://registry.npmjs.org/discord.js/-/discord.js-11.2.1.tgz",
      "integrity": "sha1-v8D1qLY5jcNy0CblA1kmRkVgU/w=",
      "requires": {
        "long": "3.2.0",
        "prism-media": "0.0.1",
        "snekfetch": "3.5.8",
        "tweetnacl": "1.0.0",
        "ws": "3.3.1"
      }
    },
    "diskdb": {
      "version": "0.1.17",
      "resolved": "https://registry.npmjs.org/diskdb/-/diskdb-0.1.17.tgz",
      "integrity": "sha1-ir0JUZazO0BnkfFJS2sTtEIiQMQ=",
      "requires": {
        "chalk": "0.4.0",
        "merge": "1.2.0",
        "node-uuid": "1.4.8"
      }
    },
    "has-color": {
      "version": "0.1.7",
      "resolved": "https://registry.npmjs.org/has-color/-/has-color-0.1.7.tgz",
      "integrity": "sha1-ZxRKUmDDT8PMpnfQQdr1L+e3iy8="
    },
    "human-date": {
      "version": "1.4.0",
      "resolved": "https://registry.npmjs.org/human-date/-/human-date-1.4.0.tgz",
      "integrity": "sha1-iLtivYBNAP0S7i9H3Dw7ux5V+Zo="
    },
    "long": {
      "version": "3.2.0",
      "resolved": "https://registry.npmjs.org/long/-/long-3.2.0.tgz",
      "integrity": "sha1-2CG3E4yhy1gcFymQ7xTbIAtcR0s="
    },
    "merge": {
      "version": "1.2.0",
      "resolved": "https://registry.npmjs.org/merge/-/merge-1.2.0.tgz",
      "integrity": "sha1-dTHjnUlJwoGma4xabgJl6LBYlNo="
    },
    "node-uuid": {
      "version": "1.4.8",
      "resolved": "https://registry.npmjs.org/node-uuid/-/node-uuid-1.4.8.tgz",
      "integrity": "sha1-sEDrCSOWivq/jTL7HxfxFn/auQc="
    },
    "prism-media": {
      "version": "0.0.1",
      "resolved": "https://registry.npmjs.org/prism-media/-/prism-media-0.0.1.tgz",
      "integrity": "sha1-o0JcnKvVDRxsAuVDlBoRiVZnvRA="
    },
    "safe-buffer": {
      "version": "5.1.1",
      "resolved": "https://registry.npmjs.org/safe-buffer/-/safe-buffer-5.1.1.tgz",
      "integrity": "sha1-iTMSr2myEj3vcfV4iQAWce6yyFM="
    },
    "snekfetch": {
      "version": "3.5.8",
      "resolved": "https://registry.npmjs.org/snekfetch/-/snekfetch-3.5.8.tgz",
      "integrity": "sha1-TU5Tn4Q1NSEF50w5L2L2Z0CifWw="
    },
    "strip-ansi": {
      "version": "0.1.1",
      "resolved": "https://registry.npmjs.org/strip-ansi/-/strip-ansi-0.1.1.tgz",
      "integrity": "sha1-OeipjQRNFQZgq+SmgIrPcLt7yZE="
    },
    "tweetnacl": {
      "version": "1.0.0",
      "resolved": "https://registry.npmjs.org/tweetnacl/-/tweetnacl-1.0.0.tgz",
      "integrity": "sha1-cT2LgY2kIGh0C/aDhtBHnmb8ins="
    },
    "ultron": {
      "version": "1.1.0",
      "resolved": "https://registry.npmjs.org/ultron/-/ultron-1.1.0.tgz",
      "integrity": "sha1-sHoualQagV/Go0zNRTO67DB8qGQ="
    },
    "ws": {
      "version": "3.3.1",
      "resolved": "https://registry.npmjs.org/ws/-/ws-3.3.1.tgz",
      "integrity": "sha512-8A/uRMnQy8KCQsmep1m7Bk+z/+LIkeF7w+TDMLtX1iZm5Hq9HsUDmgFGaW1ACW5Cj0b2Qo7wCvRhYN2ErUVp/A==",
      "requires": {
        "async-limiter": "1.0.0",
        "safe-buffer": "5.1.1",
        "ultron": "1.1.0"
      }
    }
  }
}
